// !$*UTF8*$!
{
	archiveVersion = 1;
	classes = {
	};
	objectVersion = 56;
	objects = {

/* Begin PBXBuildFile section */
		2189F2662AF6845200FEB125 /* AppDelegate.swift in Sources */ = {isa = PBXBuildFile; fileRef = 2189F2652AF6845200FEB125 /* AppDelegate.swift */; };
		2189F2682AF6845200FEB125 /* SceneDelegate.swift in Sources */ = {isa = PBXBuildFile; fileRef = 2189F2672AF6845200FEB125 /* SceneDelegate.swift */; };
		2189F26A2AF6845200FEB125 /* HomeVC.swift in Sources */ = {isa = PBXBuildFile; fileRef = 2189F2692AF6845200FEB125 /* HomeVC.swift */; };
		2189F26D2AF6845200FEB125 /* Main.storyboard in Resources */ = {isa = PBXBuildFile; fileRef = 2189F26B2AF6845200FEB125 /* Main.storyboard */; };
		2189F26F2AF6845400FEB125 /* Assets.xcassets in Resources */ = {isa = PBXBuildFile; fileRef = 2189F26E2AF6845400FEB125 /* Assets.xcassets */; };
		2189F2722AF6845400FEB125 /* LaunchScreen.storyboard in Resources */ = {isa = PBXBuildFile; fileRef = 2189F2702AF6845400FEB125 /* LaunchScreen.storyboard */; };
		2189F2842AF7AF9F00FEB125 /* ReduxStore.swift in Sources */ = {isa = PBXBuildFile; fileRef = 2189F2832AF7AF9F00FEB125 /* ReduxStore.swift */; };
		2189F2862AF7AFAB00FEB125 /* ReduxState.swift in Sources */ = {isa = PBXBuildFile; fileRef = 2189F2852AF7AFAB00FEB125 /* ReduxState.swift */; };
		2189F2882AF7AFBC00FEB125 /* ReduxActions.swift in Sources */ = {isa = PBXBuildFile; fileRef = 2189F2872AF7AFBC00FEB125 /* ReduxActions.swift */; };
		2189F28A2AF7AFD400FEB125 /* ReduxReducer.swift in Sources */ = {isa = PBXBuildFile; fileRef = 2189F2892AF7AFD400FEB125 /* ReduxReducer.swift */; };
		2189F28C2AF7AFE900FEB125 /* User.swift in Sources */ = {isa = PBXBuildFile; fileRef = 2189F28B2AF7AFE900FEB125 /* User.swift */; };
		2189F28E2AF7B00300FEB125 /* Coordinator.swift in Sources */ = {isa = PBXBuildFile; fileRef = 2189F28D2AF7B00300FEB125 /* Coordinator.swift */; };
		2189F2902AF7B02D00FEB125 /* Storyboarded.swift in Sources */ = {isa = PBXBuildFile; fileRef = 2189F28F2AF7B02D00FEB125 /* Storyboarded.swift */; };
		2189F2922AF7B04400FEB125 /* MainCoordinator.swift in Sources */ = {isa = PBXBuildFile; fileRef = 2189F2912AF7B04400FEB125 /* MainCoordinator.swift */; };
		2189F2972AF7B0D600FEB125 /* FirebaseRepository.swift in Sources */ = {isa = PBXBuildFile; fileRef = 2189F2962AF7B0D600FEB125 /* FirebaseRepository.swift */; };
		2189F2992AF7B0EF00FEB125 /* UserDefaults.swift in Sources */ = {isa = PBXBuildFile; fileRef = 2189F2982AF7B0EF00FEB125 /* UserDefaults.swift */; };
		2189F29B2AF7B10C00FEB125 /* RealmRepository.swift in Sources */ = {isa = PBXBuildFile; fileRef = 2189F29A2AF7B10C00FEB125 /* RealmRepository.swift */; };
		2189F29E2AF7B18300FEB125 /* IQKeyboardManagerSwift in Frameworks */ = {isa = PBXBuildFile; productRef = 2189F29D2AF7B18300FEB125 /* IQKeyboardManagerSwift */; };
		2189F2A12AF7B1C200FEB125 /* ReSwift in Frameworks */ = {isa = PBXBuildFile; productRef = 2189F2A02AF7B1C200FEB125 /* ReSwift */; };
		2189F2A32AF7B2F500FEB125 /* GoogleService-Info.plist in Resources */ = {isa = PBXBuildFile; fileRef = 2189F2A22AF7B2F500FEB125 /* GoogleService-Info.plist */; };
		2189F2A62AF7B37300FEB125 /* FirebaseAnalytics in Frameworks */ = {isa = PBXBuildFile; productRef = 2189F2A52AF7B37300FEB125 /* FirebaseAnalytics */; };
		2189F2B22AF7B37300FEB125 /* FirebaseAuth in Frameworks */ = {isa = PBXBuildFile; productRef = 2189F2B12AF7B37300FEB125 /* FirebaseAuth */; };
		2189F2B62AF7B37300FEB125 /* FirebaseCrashlytics in Frameworks */ = {isa = PBXBuildFile; productRef = 2189F2B52AF7B37300FEB125 /* FirebaseCrashlytics */; };
		2189F2B82AF7B37300FEB125 /* FirebaseDatabase in Frameworks */ = {isa = PBXBuildFile; productRef = 2189F2B72AF7B37300FEB125 /* FirebaseDatabase */; };
		2189F2BE2AF7B37300FEB125 /* FirebaseFirestore in Frameworks */ = {isa = PBXBuildFile; productRef = 2189F2BD2AF7B37300FEB125 /* FirebaseFirestore */; };
		2189F2D02AF7B37300FEB125 /* FirebaseMessaging in Frameworks */ = {isa = PBXBuildFile; productRef = 2189F2CF2AF7B37300FEB125 /* FirebaseMessaging */; };
		2189F2D82AF7B37300FEB125 /* FirebaseStorage in Frameworks */ = {isa = PBXBuildFile; productRef = 2189F2D72AF7B37300FEB125 /* FirebaseStorage */; };
		2189F2DD2AF7B64500FEB125 /* KeyboardManager.swift in Sources */ = {isa = PBXBuildFile; fileRef = 2189F2DC2AF7B64500FEB125 /* KeyboardManager.swift */; };
		2189F2EA2AF8DDF300FEB125 /* Realm in Frameworks */ = {isa = PBXBuildFile; productRef = 2189F2E92AF8DDF300FEB125 /* Realm */; };
		2189F2EC2AF8DDF300FEB125 /* RealmSwift in Frameworks */ = {isa = PBXBuildFile; productRef = 2189F2EB2AF8DDF300FEB125 /* RealmSwift */; };
		2189F2EF2AF8DE4000FEB125 /* Popovers in Frameworks */ = {isa = PBXBuildFile; productRef = 2189F2EE2AF8DE4000FEB125 /* Popovers */; };
		2189F2F22AF8DE9800FEB125 /* SnapKit in Frameworks */ = {isa = PBXBuildFile; productRef = 2189F2F12AF8DE9800FEB125 /* SnapKit */; };
		2189F2F72AF8DF4500FEB125 /* Lottie in Frameworks */ = {isa = PBXBuildFile; productRef = 2189F2F62AF8DF4500FEB125 /* Lottie */; };
		2189F2F92AF902F300FEB125 /* IntroVC.swift in Sources */ = {isa = PBXBuildFile; fileRef = 2189F2F82AF902F300FEB125 /* IntroVC.swift */; };
		2189F2FB2AF9041100FEB125 /* ContainerVC.swift in Sources */ = {isa = PBXBuildFile; fileRef = 2189F2FA2AF9041100FEB125 /* ContainerVC.swift */; };
		2189F2FD2AF9043800FEB125 /* NavigationVC.swift in Sources */ = {isa = PBXBuildFile; fileRef = 2189F2FC2AF9043800FEB125 /* NavigationVC.swift */; };
		2189F2FF2AF905C900FEB125 /* UIView+Extensions.swift in Sources */ = {isa = PBXBuildFile; fileRef = 2189F2FE2AF905C900FEB125 /* UIView+Extensions.swift */; };
		2189F3012AF9062C00FEB125 /* LottieManager.swift in Sources */ = {isa = PBXBuildFile; fileRef = 2189F3002AF9062C00FEB125 /* LottieManager.swift */; };
		2189F3062AF906AC00FEB125 /* confetti.json in Resources */ = {isa = PBXBuildFile; fileRef = 2189F3042AF906AC00FEB125 /* confetti.json */; };
		2189F3072AF906AC00FEB125 /* party.json in Resources */ = {isa = PBXBuildFile; fileRef = 2189F3052AF906AC00FEB125 /* party.json */; };
		2189F3092AF906CD00FEB125 /* UIColor+Extensions.swift in Sources */ = {isa = PBXBuildFile; fileRef = 2189F3082AF906CD00FEB125 /* UIColor+Extensions.swift */; };
		2189F30B2AF906F000FEB125 /* UIFont+Extensions.swift in Sources */ = {isa = PBXBuildFile; fileRef = 2189F30A2AF906F000FEB125 /* UIFont+Extensions.swift */; };
		2189F30D2AF9071D00FEB125 /* String+Extensions.swift in Sources */ = {isa = PBXBuildFile; fileRef = 2189F30C2AF9071D00FEB125 /* String+Extensions.swift */; };
		2189F30F2AF907B000FEB125 /* AuthVC.swift in Sources */ = {isa = PBXBuildFile; fileRef = 2189F30E2AF907B000FEB125 /* AuthVC.swift */; };
		2189F3112AF90C1300FEB125 /* ChartsVC.swift in Sources */ = {isa = PBXBuildFile; fileRef = 2189F3102AF90C1300FEB125 /* ChartsVC.swift */; };
		2189F3132AF90C2200FEB125 /* SettingsVC.swift in Sources */ = {isa = PBXBuildFile; fileRef = 2189F3122AF90C2200FEB125 /* SettingsVC.swift */; };
		2189F3152AF90C3500FEB125 /* BookmarkVC.swift in Sources */ = {isa = PBXBuildFile; fileRef = 2189F3142AF90C3500FEB125 /* BookmarkVC.swift */; };
/* End PBXBuildFile section */

/* Begin PBXFileReference section */
		2189F2622AF6845200FEB125 /* Jusor.app */ = {isa = PBXFileReference; explicitFileType = wrapper.application; includeInIndex = 0; path = Jusor.app; sourceTree = BUILT_PRODUCTS_DIR; };
		2189F2652AF6845200FEB125 /* AppDelegate.swift */ = {isa = PBXFileReference; lastKnownFileType = sourcecode.swift; path = AppDelegate.swift; sourceTree = "<group>"; };
		2189F2672AF6845200FEB125 /* SceneDelegate.swift */ = {isa = PBXFileReference; lastKnownFileType = sourcecode.swift; path = SceneDelegate.swift; sourceTree = "<group>"; };
		2189F2692AF6845200FEB125 /* HomeVC.swift */ = {isa = PBXFileReference; lastKnownFileType = sourcecode.swift; path = HomeVC.swift; sourceTree = "<group>"; };
		2189F26C2AF6845200FEB125 /* Base */ = {isa = PBXFileReference; lastKnownFileType = file.storyboard; name = Base; path = Base.lproj/Main.storyboard; sourceTree = "<group>"; };
		2189F26E2AF6845400FEB125 /* Assets.xcassets */ = {isa = PBXFileReference; lastKnownFileType = folder.assetcatalog; path = Assets.xcassets; sourceTree = "<group>"; };
		2189F2712AF6845400FEB125 /* Base */ = {isa = PBXFileReference; lastKnownFileType = file.storyboard; name = Base; path = Base.lproj/LaunchScreen.storyboard; sourceTree = "<group>"; };
		2189F2732AF6845400FEB125 /* Info.plist */ = {isa = PBXFileReference; lastKnownFileType = text.plist.xml; path = Info.plist; sourceTree = "<group>"; };
		2189F2832AF7AF9F00FEB125 /* ReduxStore.swift */ = {isa = PBXFileReference; lastKnownFileType = sourcecode.swift; path = ReduxStore.swift; sourceTree = "<group>"; };
		2189F2852AF7AFAB00FEB125 /* ReduxState.swift */ = {isa = PBXFileReference; lastKnownFileType = sourcecode.swift; path = ReduxState.swift; sourceTree = "<group>"; };
		2189F2872AF7AFBC00FEB125 /* ReduxActions.swift */ = {isa = PBXFileReference; lastKnownFileType = sourcecode.swift; path = ReduxActions.swift; sourceTree = "<group>"; };
		2189F2892AF7AFD400FEB125 /* ReduxReducer.swift */ = {isa = PBXFileReference; lastKnownFileType = sourcecode.swift; path = ReduxReducer.swift; sourceTree = "<group>"; };
		2189F28B2AF7AFE900FEB125 /* User.swift */ = {isa = PBXFileReference; lastKnownFileType = sourcecode.swift; path = User.swift; sourceTree = "<group>"; };
		2189F28D2AF7B00300FEB125 /* Coordinator.swift */ = {isa = PBXFileReference; lastKnownFileType = sourcecode.swift; path = Coordinator.swift; sourceTree = "<group>"; };
		2189F28F2AF7B02D00FEB125 /* Storyboarded.swift */ = {isa = PBXFileReference; lastKnownFileType = sourcecode.swift; path = Storyboarded.swift; sourceTree = "<group>"; };
		2189F2912AF7B04400FEB125 /* MainCoordinator.swift */ = {isa = PBXFileReference; lastKnownFileType = sourcecode.swift; path = MainCoordinator.swift; sourceTree = "<group>"; };
		2189F2962AF7B0D600FEB125 /* FirebaseRepository.swift */ = {isa = PBXFileReference; lastKnownFileType = sourcecode.swift; path = FirebaseRepository.swift; sourceTree = "<group>"; };
		2189F2982AF7B0EF00FEB125 /* UserDefaults.swift */ = {isa = PBXFileReference; lastKnownFileType = sourcecode.swift; path = UserDefaults.swift; sourceTree = "<group>"; };
		2189F29A2AF7B10C00FEB125 /* RealmRepository.swift */ = {isa = PBXFileReference; lastKnownFileType = sourcecode.swift; path = RealmRepository.swift; sourceTree = "<group>"; };
		2189F2A22AF7B2F500FEB125 /* GoogleService-Info.plist */ = {isa = PBXFileReference; fileEncoding = 4; lastKnownFileType = text.plist.xml; path = "GoogleService-Info.plist"; sourceTree = "<group>"; };
		2189F2DC2AF7B64500FEB125 /* KeyboardManager.swift */ = {isa = PBXFileReference; lastKnownFileType = sourcecode.swift; path = KeyboardManager.swift; sourceTree = "<group>"; };
		2189F2F82AF902F300FEB125 /* IntroVC.swift */ = {isa = PBXFileReference; lastKnownFileType = sourcecode.swift; path = IntroVC.swift; sourceTree = "<group>"; };
		2189F2FA2AF9041100FEB125 /* ContainerVC.swift */ = {isa = PBXFileReference; lastKnownFileType = sourcecode.swift; path = ContainerVC.swift; sourceTree = "<group>"; };
		2189F2FC2AF9043800FEB125 /* NavigationVC.swift */ = {isa = PBXFileReference; lastKnownFileType = sourcecode.swift; path = NavigationVC.swift; sourceTree = "<group>"; };
		2189F2FE2AF905C900FEB125 /* UIView+Extensions.swift */ = {isa = PBXFileReference; lastKnownFileType = sourcecode.swift; path = "UIView+Extensions.swift"; sourceTree = "<group>"; };
		2189F3002AF9062C00FEB125 /* LottieManager.swift */ = {isa = PBXFileReference; lastKnownFileType = sourcecode.swift; path = LottieManager.swift; sourceTree = "<group>"; };
		2189F3042AF906AC00FEB125 /* confetti.json */ = {isa = PBXFileReference; fileEncoding = 4; lastKnownFileType = text.json; path = confetti.json; sourceTree = "<group>"; };
		2189F3052AF906AC00FEB125 /* party.json */ = {isa = PBXFileReference; fileEncoding = 4; lastKnownFileType = text.json; path = party.json; sourceTree = "<group>"; };
		2189F3082AF906CD00FEB125 /* UIColor+Extensions.swift */ = {isa = PBXFileReference; lastKnownFileType = sourcecode.swift; path = "UIColor+Extensions.swift"; sourceTree = "<group>"; };
		2189F30A2AF906F000FEB125 /* UIFont+Extensions.swift */ = {isa = PBXFileReference; lastKnownFileType = sourcecode.swift; path = "UIFont+Extensions.swift"; sourceTree = "<group>"; };
		2189F30C2AF9071D00FEB125 /* String+Extensions.swift */ = {isa = PBXFileReference; lastKnownFileType = sourcecode.swift; path = "String+Extensions.swift"; sourceTree = "<group>"; };
		2189F30E2AF907B000FEB125 /* AuthVC.swift */ = {isa = PBXFileReference; lastKnownFileType = sourcecode.swift; path = AuthVC.swift; sourceTree = "<group>"; };
		2189F3102AF90C1300FEB125 /* ChartsVC.swift */ = {isa = PBXFileReference; lastKnownFileType = sourcecode.swift; path = ChartsVC.swift; sourceTree = "<group>"; };
		2189F3122AF90C2200FEB125 /* SettingsVC.swift */ = {isa = PBXFileReference; lastKnownFileType = sourcecode.swift; path = SettingsVC.swift; sourceTree = "<group>"; };
		2189F3142AF90C3500FEB125 /* BookmarkVC.swift */ = {isa = PBXFileReference; lastKnownFileType = sourcecode.swift; path = BookmarkVC.swift; sourceTree = "<group>"; };
/* End PBXFileReference section */

/* Begin PBXFrameworksBuildPhase section */
		2189F25F2AF6845200FEB125 /* Frameworks */ = {
			isa = PBXFrameworksBuildPhase;
			buildActionMask = 2147483647;
			files = (
				2189F2D02AF7B37300FEB125 /* FirebaseMessaging in Frameworks */,
				2189F29E2AF7B18300FEB125 /* IQKeyboardManagerSwift in Frameworks */,
				2189F2A12AF7B1C200FEB125 /* ReSwift in Frameworks */,
				2189F2EF2AF8DE4000FEB125 /* Popovers in Frameworks */,
				2189F2A62AF7B37300FEB125 /* FirebaseAnalytics in Frameworks */,
				2189F2B22AF7B37300FEB125 /* FirebaseAuth in Frameworks */,
				2189F2B62AF7B37300FEB125 /* FirebaseCrashlytics in Frameworks */,
				2189F2BE2AF7B37300FEB125 /* FirebaseFirestore in Frameworks */,
				2189F2F72AF8DF4500FEB125 /* Lottie in Frameworks */,
				2189F2B82AF7B37300FEB125 /* FirebaseDatabase in Frameworks */,
				2189F2F22AF8DE9800FEB125 /* SnapKit in Frameworks */,
				2189F2EA2AF8DDF300FEB125 /* Realm in Frameworks */,
				2189F2D82AF7B37300FEB125 /* FirebaseStorage in Frameworks */,
				2189F2EC2AF8DDF300FEB125 /* RealmSwift in Frameworks */,
			);
			runOnlyForDeploymentPostprocessing = 0;
		};
/* End PBXFrameworksBuildPhase section */

/* Begin PBXGroup section */
		2189F2592AF6845200FEB125 = {
			isa = PBXGroup;
			children = (
				2189F2642AF6845200FEB125 /* Jusor */,
				2189F2632AF6845200FEB125 /* Products */,
			);
			sourceTree = "<group>";
		};
		2189F2632AF6845200FEB125 /* Products */ = {
			isa = PBXGroup;
			children = (
				2189F2622AF6845200FEB125 /* Jusor.app */,
			);
			name = Products;
			sourceTree = "<group>";
		};
		2189F2642AF6845200FEB125 /* Jusor */ = {
			isa = PBXGroup;
			children = (
				2189F2792AF7AEB600FEB125 /* App */,
				2189F2822AF7AF7D00FEB125 /* Redux */,
				2189F27A2AF7AECD00FEB125 /* MVC */,
				2189F27E2AF7AF1300FEB125 /* Coordinator */,
				2189F2812AF7AF6B00FEB125 /* Repositories */,
				2189F2DB2AF7B63200FEB125 /* Managers */,
				2189F2802AF7AF5400FEB125 /* Resources */,
				2189F27F2AF7AF3800FEB125 /* Extensions */,
			);
			path = Jusor;
			sourceTree = "<group>";
		};
		2189F2792AF7AEB600FEB125 /* App */ = {
			isa = PBXGroup;
			children = (
				2189F2652AF6845200FEB125 /* AppDelegate.swift */,
				2189F2672AF6845200FEB125 /* SceneDelegate.swift */,
				2189F2732AF6845400FEB125 /* Info.plist */,
				2189F2A22AF7B2F500FEB125 /* GoogleService-Info.plist */,
			);
			path = App;
			sourceTree = "<group>";
		};
		2189F27A2AF7AECD00FEB125 /* MVC */ = {
			isa = PBXGroup;
			children = (
				2189F27B2AF7AED500FEB125 /* Models */,
				2189F27C2AF7AEE700FEB125 /* Views */,
				2189F27D2AF7AEF000FEB125 /* Controllers */,
			);
			path = MVC;
			sourceTree = "<group>";
		};
		2189F27B2AF7AED500FEB125 /* Models */ = {
			isa = PBXGroup;
			children = (
				2189F28B2AF7AFE900FEB125 /* User.swift */,
			);
			path = Models;
			sourceTree = "<group>";
		};
		2189F27C2AF7AEE700FEB125 /* Views */ = {
			isa = PBXGroup;
			children = (
				2189F26B2AF6845200FEB125 /* Main.storyboard */,
				2189F2702AF6845400FEB125 /* LaunchScreen.storyboard */,
			);
			path = Views;
			sourceTree = "<group>";
		};
		2189F27D2AF7AEF000FEB125 /* Controllers */ = {
			isa = PBXGroup;
			children = (
				2189F2FA2AF9041100FEB125 /* ContainerVC.swift */,
				2189F2FC2AF9043800FEB125 /* NavigationVC.swift */,
				2189F2F82AF902F300FEB125 /* IntroVC.swift */,
				2189F30E2AF907B000FEB125 /* AuthVC.swift */,
				2189F2692AF6845200FEB125 /* HomeVC.swift */,
				2189F3102AF90C1300FEB125 /* ChartsVC.swift */,
				2189F3142AF90C3500FEB125 /* BookmarkVC.swift */,
				2189F3122AF90C2200FEB125 /* SettingsVC.swift */,
			);
			path = Controllers;
			sourceTree = "<group>";
		};
		2189F27E2AF7AF1300FEB125 /* Coordinator */ = {
			isa = PBXGroup;
			children = (
				2189F28D2AF7B00300FEB125 /* Coordinator.swift */,
				2189F28F2AF7B02D00FEB125 /* Storyboarded.swift */,
				2189F2912AF7B04400FEB125 /* MainCoordinator.swift */,
			);
			path = Coordinator;
			sourceTree = "<group>";
		};
		2189F27F2AF7AF3800FEB125 /* Extensions */ = {
			isa = PBXGroup;
			children = (
				2189F2FE2AF905C900FEB125 /* UIView+Extensions.swift */,
				2189F3082AF906CD00FEB125 /* UIColor+Extensions.swift */,
				2189F30A2AF906F000FEB125 /* UIFont+Extensions.swift */,
				2189F30C2AF9071D00FEB125 /* String+Extensions.swift */,
			);
			path = Extensions;
			sourceTree = "<group>";
		};
		2189F2802AF7AF5400FEB125 /* Resources */ = {
			isa = PBXGroup;
			children = (
				2189F26E2AF6845400FEB125 /* Assets.xcassets */,
				2189F3022AF9068B00FEB125 /* Lottie */,
			);
			path = Resources;
			sourceTree = "<group>";
		};
		2189F2812AF7AF6B00FEB125 /* Repositories */ = {
			isa = PBXGroup;
			children = (
				2189F2932AF7B08B00FEB125 /* UserDefaultsRepo */,
				2189F2952AF7B0BB00FEB125 /* FirebaseRepo */,
				2189F2942AF7B09600FEB125 /* RealmRepo */,
			);
			path = Repositories;
			sourceTree = "<group>";
		};
		2189F2822AF7AF7D00FEB125 /* Redux */ = {
			isa = PBXGroup;
			children = (
				2189F2832AF7AF9F00FEB125 /* ReduxStore.swift */,
				2189F2852AF7AFAB00FEB125 /* ReduxState.swift */,
				2189F2872AF7AFBC00FEB125 /* ReduxActions.swift */,
				2189F2892AF7AFD400FEB125 /* ReduxReducer.swift */,
			);
			path = Redux;
			sourceTree = "<group>";
		};
		2189F2932AF7B08B00FEB125 /* UserDefaultsRepo */ = {
			isa = PBXGroup;
			children = (
				2189F2982AF7B0EF00FEB125 /* UserDefaults.swift */,
			);
			path = UserDefaultsRepo;
			sourceTree = "<group>";
		};
		2189F2942AF7B09600FEB125 /* RealmRepo */ = {
			isa = PBXGroup;
			children = (
				2189F29A2AF7B10C00FEB125 /* RealmRepository.swift */,
			);
			path = RealmRepo;
			sourceTree = "<group>";
		};
		2189F2952AF7B0BB00FEB125 /* FirebaseRepo */ = {
			isa = PBXGroup;
			children = (
				2189F2962AF7B0D600FEB125 /* FirebaseRepository.swift */,
			);
			path = FirebaseRepo;
			sourceTree = "<group>";
		};
		2189F2DB2AF7B63200FEB125 /* Managers */ = {
			isa = PBXGroup;
			children = (
				2189F2DC2AF7B64500FEB125 /* KeyboardManager.swift */,
				2189F3002AF9062C00FEB125 /* LottieManager.swift */,
			);
			path = Managers;
			sourceTree = "<group>";
		};
		2189F3022AF9068B00FEB125 /* Lottie */ = {
			isa = PBXGroup;
			children = (
				2189F3032AF9069900FEB125 /* Celebration */,
			);
			path = Lottie;
			sourceTree = "<group>";
		};
		2189F3032AF9069900FEB125 /* Celebration */ = {
			isa = PBXGroup;
			children = (
				2189F3042AF906AC00FEB125 /* confetti.json */,
				2189F3052AF906AC00FEB125 /* party.json */,
			);
			path = Celebration;
			sourceTree = "<group>";
		};
/* End PBXGroup section */

/* Begin PBXNativeTarget section */
		2189F2612AF6845200FEB125 /* Jusor */ = {
			isa = PBXNativeTarget;
			buildConfigurationList = 2189F2762AF6845400FEB125 /* Build configuration list for PBXNativeTarget "Jusor" */;
			buildPhases = (
				2189F25E2AF6845200FEB125 /* Sources */,
				2189F25F2AF6845200FEB125 /* Frameworks */,
				2189F2602AF6845200FEB125 /* Resources */,
			);
			buildRules = (
			);
			dependencies = (
			);
			name = Jusor;
			packageProductDependencies = (
				2189F29D2AF7B18300FEB125 /* IQKeyboardManagerSwift */,
				2189F2A02AF7B1C200FEB125 /* ReSwift */,
				2189F2A52AF7B37300FEB125 /* FirebaseAnalytics */,
				2189F2B12AF7B37300FEB125 /* FirebaseAuth */,
				2189F2B52AF7B37300FEB125 /* FirebaseCrashlytics */,
				2189F2B72AF7B37300FEB125 /* FirebaseDatabase */,
				2189F2BD2AF7B37300FEB125 /* FirebaseFirestore */,
				2189F2CF2AF7B37300FEB125 /* FirebaseMessaging */,
				2189F2D72AF7B37300FEB125 /* FirebaseStorage */,
				2189F2E92AF8DDF300FEB125 /* Realm */,
				2189F2EB2AF8DDF300FEB125 /* RealmSwift */,
				2189F2EE2AF8DE4000FEB125 /* Popovers */,
				2189F2F12AF8DE9800FEB125 /* SnapKit */,
				2189F2F62AF8DF4500FEB125 /* Lottie */,
			);
			productName = Jusor;
			productReference = 2189F2622AF6845200FEB125 /* Jusor.app */;
			productType = "com.apple.product-type.application";
		};
/* End PBXNativeTarget section */

/* Begin PBXProject section */
		2189F25A2AF6845200FEB125 /* Project object */ = {
			isa = PBXProject;
			attributes = {
				BuildIndependentTargetsInParallel = 1;
				LastSwiftUpdateCheck = 1500;
				LastUpgradeCheck = 1500;
				TargetAttributes = {
					2189F2612AF6845200FEB125 = {
						CreatedOnToolsVersion = 15.0.1;
					};
				};
			};
			buildConfigurationList = 2189F25D2AF6845200FEB125 /* Build configuration list for PBXProject "Jusor" */;
			compatibilityVersion = "Xcode 14.0";
			developmentRegion = en;
			hasScannedForEncodings = 0;
			knownRegions = (
				en,
				Base,
			);
			mainGroup = 2189F2592AF6845200FEB125;
			packageReferences = (
				2189F29C2AF7B18300FEB125 /* XCRemoteSwiftPackageReference "IQKeyboardManager" */,
				2189F29F2AF7B1C200FEB125 /* XCRemoteSwiftPackageReference "ReSwift" */,
				2189F2A42AF7B37300FEB125 /* XCRemoteSwiftPackageReference "firebase-ios-sdk" */,
				2189F2E82AF8DDF300FEB125 /* XCRemoteSwiftPackageReference "realm-swift" */,
				2189F2ED2AF8DE4000FEB125 /* XCRemoteSwiftPackageReference "Popovers" */,
				2189F2F02AF8DE9800FEB125 /* XCRemoteSwiftPackageReference "SnapKit" */,
				2189F2F52AF8DF4500FEB125 /* XCRemoteSwiftPackageReference "lottie-spm" */,
			);
			productRefGroup = 2189F2632AF6845200FEB125 /* Products */;
			projectDirPath = "";
			projectRoot = "";
			targets = (
				2189F2612AF6845200FEB125 /* Jusor */,
			);
		};
/* End PBXProject section */

/* Begin PBXResourcesBuildPhase section */
		2189F2602AF6845200FEB125 /* Resources */ = {
			isa = PBXResourcesBuildPhase;
			buildActionMask = 2147483647;
			files = (
				2189F3062AF906AC00FEB125 /* confetti.json in Resources */,
				2189F2722AF6845400FEB125 /* LaunchScreen.storyboard in Resources */,
				2189F3072AF906AC00FEB125 /* party.json in Resources */,
				2189F2A32AF7B2F500FEB125 /* GoogleService-Info.plist in Resources */,
				2189F26F2AF6845400FEB125 /* Assets.xcassets in Resources */,
				2189F26D2AF6845200FEB125 /* Main.storyboard in Resources */,
			);
			runOnlyForDeploymentPostprocessing = 0;
		};
/* End PBXResourcesBuildPhase section */

/* Begin PBXSourcesBuildPhase section */
		2189F25E2AF6845200FEB125 /* Sources */ = {
			isa = PBXSourcesBuildPhase;
			buildActionMask = 2147483647;
			files = (
				2189F2882AF7AFBC00FEB125 /* ReduxActions.swift in Sources */,
				2189F2842AF7AF9F00FEB125 /* ReduxStore.swift in Sources */,
				2189F3012AF9062C00FEB125 /* LottieManager.swift in Sources */,
				2189F2DD2AF7B64500FEB125 /* KeyboardManager.swift in Sources */,
				2189F3092AF906CD00FEB125 /* UIColor+Extensions.swift in Sources */,
				2189F2862AF7AFAB00FEB125 /* ReduxState.swift in Sources */,
				2189F2FB2AF9041100FEB125 /* ContainerVC.swift in Sources */,
				2189F26A2AF6845200FEB125 /* HomeVC.swift in Sources */,
				2189F2992AF7B0EF00FEB125 /* UserDefaults.swift in Sources */,
				2189F28C2AF7AFE900FEB125 /* User.swift in Sources */,
				2189F2922AF7B04400FEB125 /* MainCoordinator.swift in Sources */,
				2189F2662AF6845200FEB125 /* AppDelegate.swift in Sources */,
				2189F30B2AF906F000FEB125 /* UIFont+Extensions.swift in Sources */,
				2189F3132AF90C2200FEB125 /* SettingsVC.swift in Sources */,
				2189F28A2AF7AFD400FEB125 /* ReduxReducer.swift in Sources */,
				2189F2972AF7B0D600FEB125 /* FirebaseRepository.swift in Sources */,
				2189F2FF2AF905C900FEB125 /* UIView+Extensions.swift in Sources */,
				2189F2FD2AF9043800FEB125 /* NavigationVC.swift in Sources */,
				2189F2902AF7B02D00FEB125 /* Storyboarded.swift in Sources */,
				2189F30F2AF907B000FEB125 /* AuthVC.swift in Sources */,
				2189F29B2AF7B10C00FEB125 /* RealmRepository.swift in Sources */,
				2189F30D2AF9071D00FEB125 /* String+Extensions.swift in Sources */,
				2189F3112AF90C1300FEB125 /* ChartsVC.swift in Sources */,
				2189F3152AF90C3500FEB125 /* BookmarkVC.swift in Sources */,
				2189F2F92AF902F300FEB125 /* IntroVC.swift in Sources */,
				2189F2682AF6845200FEB125 /* SceneDelegate.swift in Sources */,
				2189F28E2AF7B00300FEB125 /* Coordinator.swift in Sources */,
			);
			runOnlyForDeploymentPostprocessing = 0;
		};
/* End PBXSourcesBuildPhase section */

/* Begin PBXVariantGroup section */
		2189F26B2AF6845200FEB125 /* Main.storyboard */ = {
			isa = PBXVariantGroup;
			children = (
				2189F26C2AF6845200FEB125 /* Base */,
			);
			name = Main.storyboard;
			sourceTree = "<group>";
		};
		2189F2702AF6845400FEB125 /* LaunchScreen.storyboard */ = {
			isa = PBXVariantGroup;
			children = (
				2189F2712AF6845400FEB125 /* Base */,
			);
			name = LaunchScreen.storyboard;
			sourceTree = "<group>";
		};
/* End PBXVariantGroup section */

/* Begin XCBuildConfiguration section */
		2189F2742AF6845400FEB125 /* Debug */ = {
			isa = XCBuildConfiguration;
			buildSettings = {
				ALWAYS_SEARCH_USER_PATHS = NO;
				ASSETCATALOG_COMPILER_GENERATE_SWIFT_ASSET_SYMBOL_EXTENSIONS = YES;
				CLANG_ANALYZER_NONNULL = YES;
				CLANG_ANALYZER_NUMBER_OBJECT_CONVERSION = YES_AGGRESSIVE;
				CLANG_CXX_LANGUAGE_STANDARD = "gnu++20";
				CLANG_ENABLE_MODULES = YES;
				CLANG_ENABLE_OBJC_ARC = YES;
				CLANG_ENABLE_OBJC_WEAK = YES;
				CLANG_WARN_BLOCK_CAPTURE_AUTORELEASING = YES;
				CLANG_WARN_BOOL_CONVERSION = YES;
				CLANG_WARN_COMMA = YES;
				CLANG_WARN_CONSTANT_CONVERSION = YES;
				CLANG_WARN_DEPRECATED_OBJC_IMPLEMENTATIONS = YES;
				CLANG_WARN_DIRECT_OBJC_ISA_USAGE = YES_ERROR;
				CLANG_WARN_DOCUMENTATION_COMMENTS = YES;
				CLANG_WARN_EMPTY_BODY = YES;
				CLANG_WARN_ENUM_CONVERSION = YES;
				CLANG_WARN_INFINITE_RECURSION = YES;
				CLANG_WARN_INT_CONVERSION = YES;
				CLANG_WARN_NON_LITERAL_NULL_CONVERSION = YES;
				CLANG_WARN_OBJC_IMPLICIT_RETAIN_SELF = YES;
				CLANG_WARN_OBJC_LITERAL_CONVERSION = YES;
				CLANG_WARN_OBJC_ROOT_CLASS = YES_ERROR;
				CLANG_WARN_QUOTED_INCLUDE_IN_FRAMEWORK_HEADER = YES;
				CLANG_WARN_RANGE_LOOP_ANALYSIS = YES;
				CLANG_WARN_STRICT_PROTOTYPES = YES;
				CLANG_WARN_SUSPICIOUS_MOVE = YES;
				CLANG_WARN_UNGUARDED_AVAILABILITY = YES_AGGRESSIVE;
				CLANG_WARN_UNREACHABLE_CODE = YES;
				CLANG_WARN__DUPLICATE_METHOD_MATCH = YES;
				COPY_PHASE_STRIP = NO;
				DEBUG_INFORMATION_FORMAT = dwarf;
				ENABLE_STRICT_OBJC_MSGSEND = YES;
				ENABLE_TESTABILITY = YES;
				ENABLE_USER_SCRIPT_SANDBOXING = YES;
				GCC_C_LANGUAGE_STANDARD = gnu17;
				GCC_DYNAMIC_NO_PIC = NO;
				GCC_NO_COMMON_BLOCKS = YES;
				GCC_OPTIMIZATION_LEVEL = 0;
				GCC_PREPROCESSOR_DEFINITIONS = (
					"DEBUG=1",
					"$(inherited)",
				);
				GCC_WARN_64_TO_32_BIT_CONVERSION = YES;
				GCC_WARN_ABOUT_RETURN_TYPE = YES_ERROR;
				GCC_WARN_UNDECLARED_SELECTOR = YES;
				GCC_WARN_UNINITIALIZED_AUTOS = YES_AGGRESSIVE;
				GCC_WARN_UNUSED_FUNCTION = YES;
				GCC_WARN_UNUSED_VARIABLE = YES;
				IPHONEOS_DEPLOYMENT_TARGET = 17.0;
				LOCALIZATION_PREFERS_STRING_CATALOGS = YES;
				MTL_ENABLE_DEBUG_INFO = INCLUDE_SOURCE;
				MTL_FAST_MATH = YES;
				ONLY_ACTIVE_ARCH = YES;
				SDKROOT = iphoneos;
				SWIFT_ACTIVE_COMPILATION_CONDITIONS = "DEBUG $(inherited)";
				SWIFT_OPTIMIZATION_LEVEL = "-Onone";
			};
			name = Debug;
		};
		2189F2752AF6845400FEB125 /* Release */ = {
			isa = XCBuildConfiguration;
			buildSettings = {
				ALWAYS_SEARCH_USER_PATHS = NO;
				ASSETCATALOG_COMPILER_GENERATE_SWIFT_ASSET_SYMBOL_EXTENSIONS = YES;
				CLANG_ANALYZER_NONNULL = YES;
				CLANG_ANALYZER_NUMBER_OBJECT_CONVERSION = YES_AGGRESSIVE;
				CLANG_CXX_LANGUAGE_STANDARD = "gnu++20";
				CLANG_ENABLE_MODULES = YES;
				CLANG_ENABLE_OBJC_ARC = YES;
				CLANG_ENABLE_OBJC_WEAK = YES;
				CLANG_WARN_BLOCK_CAPTURE_AUTORELEASING = YES;
				CLANG_WARN_BOOL_CONVERSION = YES;
				CLANG_WARN_COMMA = YES;
				CLANG_WARN_CONSTANT_CONVERSION = YES;
				CLANG_WARN_DEPRECATED_OBJC_IMPLEMENTATIONS = YES;
				CLANG_WARN_DIRECT_OBJC_ISA_USAGE = YES_ERROR;
				CLANG_WARN_DOCUMENTATION_COMMENTS = YES;
				CLANG_WARN_EMPTY_BODY = YES;
				CLANG_WARN_ENUM_CONVERSION = YES;
				CLANG_WARN_INFINITE_RECURSION = YES;
				CLANG_WARN_INT_CONVERSION = YES;
				CLANG_WARN_NON_LITERAL_NULL_CONVERSION = YES;
				CLANG_WARN_OBJC_IMPLICIT_RETAIN_SELF = YES;
				CLANG_WARN_OBJC_LITERAL_CONVERSION = YES;
				CLANG_WARN_OBJC_ROOT_CLASS = YES_ERROR;
				CLANG_WARN_QUOTED_INCLUDE_IN_FRAMEWORK_HEADER = YES;
				CLANG_WARN_RANGE_LOOP_ANALYSIS = YES;
				CLANG_WARN_STRICT_PROTOTYPES = YES;
				CLANG_WARN_SUSPICIOUS_MOVE = YES;
				CLANG_WARN_UNGUARDED_AVAILABILITY = YES_AGGRESSIVE;
				CLANG_WARN_UNREACHABLE_CODE = YES;
				CLANG_WARN__DUPLICATE_METHOD_MATCH = YES;
				COPY_PHASE_STRIP = NO;
				DEBUG_INFORMATION_FORMAT = "dwarf-with-dsym";
				ENABLE_NS_ASSERTIONS = NO;
				ENABLE_STRICT_OBJC_MSGSEND = YES;
				ENABLE_USER_SCRIPT_SANDBOXING = YES;
				GCC_C_LANGUAGE_STANDARD = gnu17;
				GCC_NO_COMMON_BLOCKS = YES;
				GCC_WARN_64_TO_32_BIT_CONVERSION = YES;
				GCC_WARN_ABOUT_RETURN_TYPE = YES_ERROR;
				GCC_WARN_UNDECLARED_SELECTOR = YES;
				GCC_WARN_UNINITIALIZED_AUTOS = YES_AGGRESSIVE;
				GCC_WARN_UNUSED_FUNCTION = YES;
				GCC_WARN_UNUSED_VARIABLE = YES;
				IPHONEOS_DEPLOYMENT_TARGET = 17.0;
				LOCALIZATION_PREFERS_STRING_CATALOGS = YES;
				MTL_ENABLE_DEBUG_INFO = NO;
				MTL_FAST_MATH = YES;
				SDKROOT = iphoneos;
				SWIFT_COMPILATION_MODE = wholemodule;
				VALIDATE_PRODUCT = YES;
			};
			name = Release;
		};
		2189F2772AF6845400FEB125 /* Debug */ = {
			isa = XCBuildConfiguration;
			buildSettings = {
				ASSETCATALOG_COMPILER_APPICON_NAME = AppIcon;
				ASSETCATALOG_COMPILER_GLOBAL_ACCENT_COLOR_NAME = AccentColor;
				CODE_SIGN_STYLE = Automatic;
				CURRENT_PROJECT_VERSION = 1;
				DEVELOPMENT_TEAM = 6QYT6GJB4Z;
				GENERATE_INFOPLIST_FILE = YES;
				INFOPLIST_FILE = Jusor/App/Info.plist;
				INFOPLIST_KEY_CFBundleDisplayName = "جسور";
				INFOPLIST_KEY_LSApplicationCategoryType = "public.app-category.education";
				INFOPLIST_KEY_UIApplicationSupportsIndirectInputEvents = YES;
				INFOPLIST_KEY_UILaunchStoryboardName = LaunchScreen;
				INFOPLIST_KEY_UIMainStoryboardFile = Main;
				INFOPLIST_KEY_UISupportedInterfaceOrientations = "UIInterfaceOrientationLandscapeLeft UIInterfaceOrientationLandscapeRight UIInterfaceOrientationPortrait";
				INFOPLIST_KEY_UISupportedInterfaceOrientations_iPad = "UIInterfaceOrientationLandscapeLeft UIInterfaceOrientationLandscapeRight UIInterfaceOrientationPortrait UIInterfaceOrientationPortraitUpsideDown";
				LD_RUNPATH_SEARCH_PATHS = (
					"$(inherited)",
					"@executable_path/Frameworks",
				);
				MARKETING_VERSION = 1.0;
				PRODUCT_BUNDLE_IDENTIFIER = com.Ficruty.Jusor;
				PRODUCT_NAME = "$(TARGET_NAME)";
				SWIFT_EMIT_LOC_STRINGS = YES;
				SWIFT_VERSION = 5.0;
				TARGETED_DEVICE_FAMILY = "1,2";
			};
			name = Debug;
		};
		2189F2782AF6845400FEB125 /* Release */ = {
			isa = XCBuildConfiguration;
			buildSettings = {
				ASSETCATALOG_COMPILER_APPICON_NAME = AppIcon;
				ASSETCATALOG_COMPILER_GLOBAL_ACCENT_COLOR_NAME = AccentColor;
				CODE_SIGN_STYLE = Automatic;
				CURRENT_PROJECT_VERSION = 1;
				DEVELOPMENT_TEAM = 6QYT6GJB4Z;
				GENERATE_INFOPLIST_FILE = YES;
				INFOPLIST_FILE = Jusor/App/Info.plist;
				INFOPLIST_KEY_CFBundleDisplayName = "جسور";
				INFOPLIST_KEY_LSApplicationCategoryType = "public.app-category.education";
				INFOPLIST_KEY_UIApplicationSupportsIndirectInputEvents = YES;
				INFOPLIST_KEY_UILaunchStoryboardName = LaunchScreen;
				INFOPLIST_KEY_UIMainStoryboardFile = Main;
				INFOPLIST_KEY_UISupportedInterfaceOrientations = "UIInterfaceOrientationLandscapeLeft UIInterfaceOrientationLandscapeRight UIInterfaceOrientationPortrait";
				INFOPLIST_KEY_UISupportedInterfaceOrientations_iPad = "UIInterfaceOrientationLandscapeLeft UIInterfaceOrientationLandscapeRight UIInterfaceOrientationPortrait UIInterfaceOrientationPortraitUpsideDown";
				LD_RUNPATH_SEARCH_PATHS = (
					"$(inherited)",
					"@executable_path/Frameworks",
				);
				MARKETING_VERSION = 1.0;
				PRODUCT_BUNDLE_IDENTIFIER = com.Ficruty.Jusor;
				PRODUCT_NAME = "$(TARGET_NAME)";
				SWIFT_EMIT_LOC_STRINGS = YES;
				SWIFT_VERSION = 5.0;
				TARGETED_DEVICE_FAMILY = "1,2";
			};
			name = Release;
		};
/* End XCBuildConfiguration section */

/* Begin XCConfigurationList section */
		2189F25D2AF6845200FEB125 /* Build configuration list for PBXProject "Jusor" */ = {
			isa = XCConfigurationList;
			buildConfigurations = (
				2189F2742AF6845400FEB125 /* Debug */,
				2189F2752AF6845400FEB125 /* Release */,
			);
			defaultConfigurationIsVisible = 0;
			defaultConfigurationName = Release;
		};
		2189F2762AF6845400FEB125 /* Build configuration list for PBXNativeTarget "Jusor" */ = {
			isa = XCConfigurationList;
			buildConfigurations = (
				2189F2772AF6845400FEB125 /* Debug */,
				2189F2782AF6845400FEB125 /* Release */,
			);
			defaultConfigurationIsVisible = 0;
			defaultConfigurationName = Release;
		};
/* End XCConfigurationList section */

/* Begin XCRemoteSwiftPackageReference section */
		2189F29C2AF7B18300FEB125 /* XCRemoteSwiftPackageReference "IQKeyboardManager" */ = {
			isa = XCRemoteSwiftPackageReference;
			repositoryURL = "https://github.com/hackiftekhar/IQKeyboardManager";
			requirement = {
				kind = upToNextMajorVersion;
				minimumVersion = 6.5.16;
			};
		};
		2189F29F2AF7B1C200FEB125 /* XCRemoteSwiftPackageReference "ReSwift" */ = {
			isa = XCRemoteSwiftPackageReference;
			repositoryURL = "https://github.com/ReSwift/ReSwift";
			requirement = {
				kind = upToNextMajorVersion;
				minimumVersion = 6.1.1;
			};
		};
		2189F2A42AF7B37300FEB125 /* XCRemoteSwiftPackageReference "firebase-ios-sdk" */ = {
			isa = XCRemoteSwiftPackageReference;
			repositoryURL = "https://github.com/firebase/firebase-ios-sdk";
			requirement = {
				kind = upToNextMajorVersion;
				minimumVersion = 10.17.0;
			};
		};
		2189F2E82AF8DDF300FEB125 /* XCRemoteSwiftPackageReference "realm-swift" */ = {
			isa = XCRemoteSwiftPackageReference;
			repositoryURL = "https://github.com/realm/realm-swift.git";
			requirement = {
				kind = upToNextMinorVersion;
				minimumVersion = 10.44.0;
			};
		};
		2189F2ED2AF8DE4000FEB125 /* XCRemoteSwiftPackageReference "Popovers" */ = {
			isa = XCRemoteSwiftPackageReference;
			repositoryURL = "https://github.com/aheze/Popovers";
			requirement = {
				kind = upToNextMajorVersion;
				minimumVersion = 1.3.2;
			};
		};
		2189F2F02AF8DE9800FEB125 /* XCRemoteSwiftPackageReference "SnapKit" */ = {
			isa = XCRemoteSwiftPackageReference;
			repositoryURL = "https://github.com/SnapKit/SnapKit";
			requirement = {
				kind = upToNextMajorVersion;
				minimumVersion = 5.6.0;
			};
		};
		2189F2F52AF8DF4500FEB125 /* XCRemoteSwiftPackageReference "lottie-spm" */ = {
			isa = XCRemoteSwiftPackageReference;
			repositoryURL = "https://github.com/airbnb/lottie-spm.git";
			requirement = {
				kind = upToNextMajorVersion;
				minimumVersion = 4.3.3;
			};
		};
/* End XCRemoteSwiftPackageReference section */

/* Begin XCSwiftPackageProductDependency section */
		2189F29D2AF7B18300FEB125 /* IQKeyboardManagerSwift */ = {
			isa = XCSwiftPackageProductDependency;
			package = 2189F29C2AF7B18300FEB125 /* XCRemoteSwiftPackageReference "IQKeyboardManager" */;
			productName = IQKeyboardManagerSwift;
		};
		2189F2A02AF7B1C200FEB125 /* ReSwift */ = {
			isa = XCSwiftPackageProductDependency;
			package = 2189F29F2AF7B1C200FEB125 /* XCRemoteSwiftPackageReference "ReSwift" */;
			productName = ReSwift;
		};
		2189F2A52AF7B37300FEB125 /* FirebaseAnalytics */ = {
			isa = XCSwiftPackageProductDependency;
			package = 2189F2A42AF7B37300FEB125 /* XCRemoteSwiftPackageReference "firebase-ios-sdk" */;
			productName = FirebaseAnalytics;
		};
		2189F2B12AF7B37300FEB125 /* FirebaseAuth */ = {
			isa = XCSwiftPackageProductDependency;
			package = 2189F2A42AF7B37300FEB125 /* XCRemoteSwiftPackageReference "firebase-ios-sdk" */;
			productName = FirebaseAuth;
		};
		2189F2B52AF7B37300FEB125 /* FirebaseCrashlytics */ = {
			isa = XCSwiftPackageProductDependency;
			package = 2189F2A42AF7B37300FEB125 /* XCRemoteSwiftPackageReference "firebase-ios-sdk" */;
			productName = FirebaseCrashlytics;
		};
		2189F2B72AF7B37300FEB125 /* FirebaseDatabase */ = {
			isa = XCSwiftPackageProductDependency;
			package = 2189F2A42AF7B37300FEB125 /* XCRemoteSwiftPackageReference "firebase-ios-sdk" */;
			productName = FirebaseDatabase;
		};
		2189F2BD2AF7B37300FEB125 /* FirebaseFirestore */ = {
			isa = XCSwiftPackageProductDependency;
			package = 2189F2A42AF7B37300FEB125 /* XCRemoteSwiftPackageReference "firebase-ios-sdk" */;
			productName = FirebaseFirestore;
		};
		2189F2CF2AF7B37300FEB125 /* FirebaseMessaging */ = {
			isa = XCSwiftPackageProductDependency;
			package = 2189F2A42AF7B37300FEB125 /* XCRemoteSwiftPackageReference "firebase-ios-sdk" */;
			productName = FirebaseMessaging;
		};
		2189F2D72AF7B37300FEB125 /* FirebaseStorage */ = {
			isa = XCSwiftPackageProductDependency;
			package = 2189F2A42AF7B37300FEB125 /* XCRemoteSwiftPackageReference "firebase-ios-sdk" */;
			productName = FirebaseStorage;
		};
		2189F2E92AF8DDF300FEB125 /* Realm */ = {
			isa = XCSwiftPackageProductDependency;
			package = 2189F2E82AF8DDF300FEB125 /* XCRemoteSwiftPackageReference "realm-swift" */;
			productName = Realm;
		};
		2189F2EB2AF8DDF300FEB125 /* RealmSwift */ = {
			isa = XCSwiftPackageProductDependency;
			package = 2189F2E82AF8DDF300FEB125 /* XCRemoteSwiftPackageReference "realm-swift" */;
			productName = RealmSwift;
		};
		2189F2EE2AF8DE4000FEB125 /* Popovers */ = {
			isa = XCSwiftPackageProductDependency;
			package = 2189F2ED2AF8DE4000FEB125 /* XCRemoteSwiftPackageReference "Popovers" */;
			productName = Popovers;
		};
		2189F2F12AF8DE9800FEB125 /* SnapKit */ = {
			isa = XCSwiftPackageProductDependency;
			package = 2189F2F02AF8DE9800FEB125 /* XCRemoteSwiftPackageReference "SnapKit" */;
			productName = SnapKit;
		};
		2189F2F62AF8DF4500FEB125 /* Lottie */ = {
			isa = XCSwiftPackageProductDependency;
			package = 2189F2F52AF8DF4500FEB125 /* XCRemoteSwiftPackageReference "lottie-spm" */;
			productName = Lottie;
		};
/* End XCSwiftPackageProductDependency section */
	};
	rootObject = 2189F25A2AF6845200FEB125 /* Project object */;
}
